
Microsoft Visual Studio Solution File, Format Version 12.00
# Visual Studio Version 17
VisualStudioVersion = 17.10.34916.146
MinimumVisualStudioVersion = 10.0.40219.1
Project("{FAE04EC0-301F-11D3-BF4B-00C04F79EFBC}") = "BookingService.API", "BookingService.API\BookingService.API.csproj", "{2BA89ABE-57F3-4DDF-BB80-FD99F09BEEE5}"
EndProject
Project("{FAE04EC0-301F-11D3-BF4B-00C04F79EFBC}") = "BookingService.Application", "BookingService.Application\BookingService.Application.csproj", "{243E5C68-55E5-4275-8F87-AAD7CFFC9F01}"
EndProject
Project("{FAE04EC0-301F-11D3-BF4B-00C04F79EFBC}") = "BookingService.Infrastructure", "BookingService.Infrastructure\BookingService.Infrastructure.csproj", "{1BA707C5-9BAD-4267-9F81-2C8CFEB0C92A}"
EndProject
Project("{FAE04EC0-301F-11D3-BF4B-00C04F79EFBC}") = "BookingService.Tests", "BookingService.Tests\BookingService.Tests.csproj", "{1C789F01-13E8-4FE2-8F25-63C95C81ED9D}"
EndProject
Project("{FAE04EC0-301F-11D3-BF4B-00C04F79EFBC}") = "BookingService.IntegrationTests", "BookingService.IntegrationTests\BookingService.IntegrationTests.csproj", "{8540AE13-7A38-4FCE-B1A4-2310A6B5D7CE}"
EndProject
Global
	GlobalSection(SolutionConfigurationPlatforms) = preSolution
		Debug|Any CPU = Debug|Any CPU
		Release|Any CPU = Release|Any CPU
	EndGlobalSection
	GlobalSection(ProjectConfigurationPlatforms) = postSolution
		{2BA89ABE-57F3-4DDF-BB80-FD99F09BEEE5}.Debug|Any CPU.ActiveCfg = Debug|Any CPU
		{2BA89ABE-57F3-4DDF-BB80-FD99F09BEEE5}.Debug|Any CPU.Build.0 = Debug|Any CPU
		{2BA89ABE-57F3-4DDF-BB80-FD99F09BEEE5}.Release|Any CPU.ActiveCfg = Release|Any CPU
		{2BA89ABE-57F3-4DDF-BB80-FD99F09BEEE5}.Release|Any CPU.Build.0 = Release|Any CPU
		{243E5C68-55E5-4275-8F87-AAD7CFFC9F01}.Debug|Any CPU.ActiveCfg = Debug|Any CPU
		{243E5C68-55E5-4275-8F87-AAD7CFFC9F01}.Debug|Any CPU.Build.0 = Debug|Any CPU
		{243E5C68-55E5-4275-8F87-AAD7CFFC9F01}.Release|Any CPU.ActiveCfg = Release|Any CPU
		{243E5C68-55E5-4275-8F87-AAD7CFFC9F01}.Release|Any CPU.Build.0 = Release|Any CPU
		{1BA707C5-9BAD-4267-9F81-2C8CFEB0C92A}.Debug|Any CPU.ActiveCfg = Debug|Any CPU
		{1BA707C5-9BAD-4267-9F81-2C8CFEB0C92A}.Debug|Any CPU.Build.0 = Debug|Any CPU
		{1BA707C5-9BAD-4267-9F81-2C8CFEB0C92A}.Release|Any CPU.ActiveCfg = Release|Any CPU
		{1BA707C5-9BAD-4267-9F81-2C8CFEB0C92A}.Release|Any CPU.Build.0 = Release|Any CPU
		{1C789F01-13E8-4FE2-8F25-63C95C81ED9D}.Debug|Any CPU.ActiveCfg = Debug|Any CPU
		{1C789F01-13E8-4FE2-8F25-63C95C81ED9D}.Debug|Any CPU.Build.0 = Debug|Any CPU
		{1C789F01-13E8-4FE2-8F25-63C95C81ED9D}.Release|Any CPU.ActiveCfg = Release|Any CPU
		{1C789F01-13E8-4FE2-8F25-63C95C81ED9D}.Release|Any CPU.Build.0 = Release|Any CPU
		{8540AE13-7A38-4FCE-B1A4-2310A6B5D7CE}.Debug|Any CPU.ActiveCfg = Debug|Any CPU
		{8540AE13-7A38-4FCE-B1A4-2310A6B5D7CE}.Debug|Any CPU.Build.0 = Debug|Any CPU
		{8540AE13-7A38-4FCE-B1A4-2310A6B5D7CE}.Release|Any CPU.ActiveCfg = Release|Any CPU
		{8540AE13-7A38-4FCE-B1A4-2310A6B5D7CE}.Release|Any CPU.Build.0 = Release|Any CPU
	EndGlobalSection
	GlobalSection(SolutionProperties) = preSolution
		HideSolutionNode = FALSE
	EndGlobalSection
	GlobalSection(ExtensibilityGlobals) = postSolution
		SolutionGuid = {85CA087B-4760-4A35-A47A-67AED6EAEDF4}
	EndGlobalSection
EndGlobal
